
Microsoft Visual Studio Solution File, Format Version 12.00
# Visual Studio Version 17
VisualStudioVersion = 17.8.34511.84
MinimumVisualStudioVersion = 10.0.40219.1
Project("{FAE04EC0-301F-11D3-BF4B-00C04F79EFBC}") = "EventEaseSystem", "EventEaseSystem\EventEaseSystem.csproj", "{73E37BFC-DD09-4702-A784-E5C57B5245DF}"
EndProject
Global
	GlobalSection(SolutionConfigurationPlatforms) = preSolution
		Debug|Any CPU = Debug|Any CPU
		Release|Any CPU = Release|Any CPU
	EndGlobalSection
	GlobalSection(ProjectConfigurationPlatforms) = postSolution
		{73E37BFC-DD09-4702-A784-E5C57B5245DF}.Debug|Any CPU.ActiveCfg = Debug|Any CPU
		{73E37BFC-DD09-4702-A784-E5C57B5245DF}.Debug|Any CPU.Build.0 = Debug|Any CPU
		{73E37BFC-DD09-4702-A784-E5C57B5245DF}.Release|Any CPU.ActiveCfg = Release|Any CPU
		{73E37BFC-DD09-4702-A784-E5C57B5245DF}.Release|Any CPU.Build.0 = Release|Any CPU
	EndGlobalSection
	GlobalSection(SolutionProperties) = preSolution
		HideSolutionNode = FALSE
	EndGlobalSection
	GlobalSection(ExtensibilityGlobals) = postSolution
		SolutionGuid = {191626A1-700B-4878-BABB-C6922FDCFDD3}
	EndGlobalSection
EndGlobal
